
Microsoft Visual Studio Solution File, Format Version 12.00
# Visual Studio 2013
VisualStudioVersion = 12.0.40629.0
MinimumVisualStudioVersion = 10.0.40219.1
Project("{FAE04EC0-301F-11D3-BF4B-00C04F79EFBC}") = "PruebaApi", "PruebaApi\PruebaApi.csproj", "{876EC73E-4A69-44FA-88B2-DF85FF480CA0}"
EndProject
Project("{FAE04EC0-301F-11D3-BF4B-00C04F79EFBC}") = "PruebaApi.Data", "PruebaApi.Data\PruebaApi.Data.csproj", "{70B9AC72-0EC7-48F3-928B-269229C69379}"
EndProject
Global
	GlobalSection(SolutionConfigurationPlatforms) = preSolution
		Debug|Any CPU = Debug|Any CPU
		Release|Any CPU = Release|Any CPU
	EndGlobalSection
	GlobalSection(ProjectConfigurationPlatforms) = postSolution
		{876EC73E-4A69-44FA-88B2-DF85FF480CA0}.Debug|Any CPU.ActiveCfg = Debug|Any CPU
		{876EC73E-4A69-44FA-88B2-DF85FF480CA0}.Debug|Any CPU.Build.0 = Debug|Any CPU
		{876EC73E-4A69-44FA-88B2-DF85FF480CA0}.Release|Any CPU.ActiveCfg = Release|Any CPU
		{876EC73E-4A69-44FA-88B2-DF85FF480CA0}.Release|Any CPU.Build.0 = Release|Any CPU
		{70B9AC72-0EC7-48F3-928B-269229C69379}.Debug|Any CPU.ActiveCfg = Debug|Any CPU
		{70B9AC72-0EC7-48F3-928B-269229C69379}.Debug|Any CPU.Build.0 = Debug|Any CPU
		{70B9AC72-0EC7-48F3-928B-269229C69379}.Release|Any CPU.ActiveCfg = Release|Any CPU
		{70B9AC72-0EC7-48F3-928B-269229C69379}.Release|Any CPU.Build.0 = Release|Any CPU
	EndGlobalSection
	GlobalSection(SolutionProperties) = preSolution
		HideSolutionNode = FALSE
	EndGlobalSection
EndGlobal
